
Microsoft Visual Studio Solution File, Format Version 9.00
# Visual Studio 2005
Project("{FAE04EC0-301F-11D3-BF4B-00C04F79EFBC}") = "CarouselMonitorControl", "CarouselMonitorControl.csproj", "{1FF76660-AD1D-4C68-A6CB-97FDEBEC1745}"
EndProject
Global
	GlobalSection(SolutionConfigurationPlatforms) = preSolution
		Debug|Any CPU = Debug|Any CPU
		Release|Any CPU = Release|Any CPU
	EndGlobalSection
	GlobalSection(ProjectConfigurationPlatforms) = postSolution
		{1FF76660-AD1D-4C68-A6CB-97FDEBEC1745}.Debug|Any CPU.ActiveCfg = Debug|Any CPU
		{1FF76660-AD1D-4C68-A6CB-97FDEBEC1745}.Debug|Any CPU.Build.0 = Debug|Any CPU
		{1FF76660-AD1D-4C68-A6CB-97FDEBEC1745}.Release|Any CPU.ActiveCfg = Release|Any CPU
		{1FF76660-AD1D-4C68-A6CB-97FDEBEC1745}.Release|Any CPU.Build.0 = Release|Any CPU
	EndGlobalSection
	GlobalSection(SolutionProperties) = preSolution
		HideSolutionNode = FALSE
	EndGlobalSection
EndGlobal
